
Microsoft Visual Studio Solution File, Format Version 12.00
# Visual Studio Version 16
VisualStudioVersion = 16.0.32901.82
MinimumVisualStudioVersion = 10.0.40219.1
Project("{9A19103F-16F7-4668-BE54-9A1E7A4F7556}") = "App_3_2_Module", "App_3_2_Module\App_3_2_Module.csproj", "{DE364D1C-83EE-4075-8BAC-78BEA1AC7413}"
EndProject
Project("{9A19103F-16F7-4668-BE54-9A1E7A4F7556}") = "App_3_4_3", "App_3_4_3\App_3_4_3.csproj", "{F67E906F-F95D-41B3-BC31-792D92EFE6C4}"
EndProject
Project("{9A19103F-16F7-4668-BE54-9A1E7A4F7556}") = "App_3_6", "App_3_6\App_3_6.csproj", "{2891A298-2599-4F75-9E8F-F45C01FF8455}"
EndProject
Project("{FAE04EC0-301F-11D3-BF4B-00C04F79EFBC}") = "App_3_7", "App_3_7\App_3_7.csproj", "{E75E3D9B-0C1B-4B0A-9569-C9ABA8CD2EA8}"
EndProject
Global
	GlobalSection(SolutionConfigurationPlatforms) = preSolution
		Debug|Any CPU = Debug|Any CPU
		Release|Any CPU = Release|Any CPU
	EndGlobalSection
	GlobalSection(ProjectConfigurationPlatforms) = postSolution
		{DE364D1C-83EE-4075-8BAC-78BEA1AC7413}.Debug|Any CPU.ActiveCfg = Debug|Any CPU
		{DE364D1C-83EE-4075-8BAC-78BEA1AC7413}.Debug|Any CPU.Build.0 = Debug|Any CPU
		{DE364D1C-83EE-4075-8BAC-78BEA1AC7413}.Release|Any CPU.ActiveCfg = Release|Any CPU
		{DE364D1C-83EE-4075-8BAC-78BEA1AC7413}.Release|Any CPU.Build.0 = Release|Any CPU
		{F67E906F-F95D-41B3-BC31-792D92EFE6C4}.Debug|Any CPU.ActiveCfg = Debug|Any CPU
		{F67E906F-F95D-41B3-BC31-792D92EFE6C4}.Debug|Any CPU.Build.0 = Debug|Any CPU
		{F67E906F-F95D-41B3-BC31-792D92EFE6C4}.Release|Any CPU.ActiveCfg = Release|Any CPU
		{F67E906F-F95D-41B3-BC31-792D92EFE6C4}.Release|Any CPU.Build.0 = Release|Any CPU
		{2891A298-2599-4F75-9E8F-F45C01FF8455}.Debug|Any CPU.ActiveCfg = Debug|Any CPU
		{2891A298-2599-4F75-9E8F-F45C01FF8455}.Debug|Any CPU.Build.0 = Debug|Any CPU
		{2891A298-2599-4F75-9E8F-F45C01FF8455}.Release|Any CPU.ActiveCfg = Release|Any CPU
		{2891A298-2599-4F75-9E8F-F45C01FF8455}.Release|Any CPU.Build.0 = Release|Any CPU
		{E75E3D9B-0C1B-4B0A-9569-C9ABA8CD2EA8}.Debug|Any CPU.ActiveCfg = Debug|Any CPU
		{E75E3D9B-0C1B-4B0A-9569-C9ABA8CD2EA8}.Debug|Any CPU.Build.0 = Debug|Any CPU
		{E75E3D9B-0C1B-4B0A-9569-C9ABA8CD2EA8}.Release|Any CPU.ActiveCfg = Release|Any CPU
		{E75E3D9B-0C1B-4B0A-9569-C9ABA8CD2EA8}.Release|Any CPU.Build.0 = Release|Any CPU
	EndGlobalSection
	GlobalSection(SolutionProperties) = preSolution
		HideSolutionNode = FALSE
	EndGlobalSection
	GlobalSection(ExtensibilityGlobals) = postSolution
		SolutionGuid = {D90A1DC0-8B29-4F7C-A44E-3406CF0A1CFA}
	EndGlobalSection
EndGlobal
