
Microsoft Visual Studio Solution File, Format Version 12.00
# Visual Studio Version 16
VisualStudioVersion = 16.0.32901.82
MinimumVisualStudioVersion = 10.0.40219.1
Project("{FAE04EC0-301F-11D3-BF4B-00C04F79EFBC}") = "App_3_2_Module", "App_3_2_Module\App_3_2_Module.csproj", "{DE364D1C-83EE-4075-8BAC-78BEA1AC7413}"
EndProject
Global
	GlobalSection(SolutionConfigurationPlatforms) = preSolution
		Debug|Any CPU = Debug|Any CPU
		Release|Any CPU = Release|Any CPU
	EndGlobalSection
	GlobalSection(ProjectConfigurationPlatforms) = postSolution
		{DE364D1C-83EE-4075-8BAC-78BEA1AC7413}.Debug|Any CPU.ActiveCfg = Debug|Any CPU
		{DE364D1C-83EE-4075-8BAC-78BEA1AC7413}.Debug|Any CPU.Build.0 = Debug|Any CPU
		{DE364D1C-83EE-4075-8BAC-78BEA1AC7413}.Release|Any CPU.ActiveCfg = Release|Any CPU
		{DE364D1C-83EE-4075-8BAC-78BEA1AC7413}.Release|Any CPU.Build.0 = Release|Any CPU
	EndGlobalSection
	GlobalSection(SolutionProperties) = preSolution
		HideSolutionNode = FALSE
	EndGlobalSection
	GlobalSection(ExtensibilityGlobals) = postSolution
		SolutionGuid = {D90A1DC0-8B29-4F7C-A44E-3406CF0A1CFA}
	EndGlobalSection
EndGlobal
